
Microsoft Visual Studio Solution File, Format Version 12.00
# Visual Studio 15
VisualStudioVersion = 15.0.28307.572
MinimumVisualStudioVersion = 10.0.40219.1
Project("{8BC9CEB8-8B4A-11D0-8D11-00A0C91BC942}") = "BattleCity", "BattleCity.vcxproj", "{5CD0E5D3-653E-495A-A601-14F8BC5F4D7D}"
EndProject
Global
	GlobalSection(SolutionConfigurationPlatforms) = preSolution
		Debug|x64 = Debug|x64
		Debug|x86 = Debug|x86
		Release|x64 = Release|x64
		Release|x86 = Release|x86
	EndGlobalSection
	GlobalSection(ProjectConfigurationPlatforms) = postSolution
		{5CD0E5D3-653E-495A-A601-14F8BC5F4D7D}.Debug|x64.ActiveCfg = Debug|x64
		{5CD0E5D3-653E-495A-A601-14F8BC5F4D7D}.Debug|x64.Build.0 = Debug|x64
		{5CD0E5D3-653E-495A-A601-14F8BC5F4D7D}.Debug|x86.ActiveCfg = Debug|Win32
		{5CD0E5D3-653E-495A-A601-14F8BC5F4D7D}.Debug|x86.Build.0 = Debug|Win32
		{5CD0E5D3-653E-495A-A601-14F8BC5F4D7D}.Release|x64.ActiveCfg = Release|x64
		{5CD0E5D3-653E-495A-A601-14F8BC5F4D7D}.Release|x64.Build.0 = Release|x64
		{5CD0E5D3-653E-495A-A601-14F8BC5F4D7D}.Release|x86.ActiveCfg = Release|Win32
		{5CD0E5D3-653E-495A-A601-14F8BC5F4D7D}.Release|x86.Build.0 = Release|Win32
	EndGlobalSection
	GlobalSection(SolutionProperties) = preSolution
		HideSolutionNode = FALSE
	EndGlobalSection
	GlobalSection(ExtensibilityGlobals) = postSolution
		SolutionGuid = {81DC5F3D-0F94-43DA-ACF5-F956B15520DC}
	EndGlobalSection
EndGlobal
